
Microsoft Visual Studio Solution File, Format Version 12.00
# Visual Studio Version 17
VisualStudioVersion = 17.5.002.0
MinimumVisualStudioVersion = 10.0.40219.1
Project("{2150E333-8FDC-42A3-9474-1A3956D46DE8}") = "src", "src", "{0F141468-8D15-491C-AF2E-844DB19138C5}"
EndProject
Project("{9A19103F-16F7-4668-BE54-9A1E7A4F7556}") = "ThunderstoreTestTool", "src\ThunderstoreTestTool\ThunderstoreTestTool.csproj", "{9DF3039C-3207-4B24-8656-FB6E3ED0ECF3}"
EndProject
Project("{9A19103F-16F7-4668-BE54-9A1E7A4F7556}") = "dev.mamallama.checkrunnerlib", "src\dev.mamallama.checkrunnerlib\dev.mamallama.checkrunnerlib.csproj", "{2CE97ED6-748A-4EA6-A302-CB9EDDBFC98F}"
EndProject
Global
	GlobalSection(SolutionConfigurationPlatforms) = preSolution
		Debug|Any CPU = Debug|Any CPU
		Release|Any CPU = Release|Any CPU
	EndGlobalSection
	GlobalSection(ProjectConfigurationPlatforms) = postSolution
		{9DF3039C-3207-4B24-8656-FB6E3ED0ECF3}.Debug|Any CPU.ActiveCfg = Debug|Any CPU
		{9DF3039C-3207-4B24-8656-FB6E3ED0ECF3}.Debug|Any CPU.Build.0 = Debug|Any CPU
		{9DF3039C-3207-4B24-8656-FB6E3ED0ECF3}.Release|Any CPU.ActiveCfg = Release|Any CPU
		{9DF3039C-3207-4B24-8656-FB6E3ED0ECF3}.Release|Any CPU.Build.0 = Release|Any CPU
		{2CE97ED6-748A-4EA6-A302-CB9EDDBFC98F}.Debug|Any CPU.ActiveCfg = Debug|Any CPU
		{2CE97ED6-748A-4EA6-A302-CB9EDDBFC98F}.Debug|Any CPU.Build.0 = Debug|Any CPU
		{2CE97ED6-748A-4EA6-A302-CB9EDDBFC98F}.Release|Any CPU.ActiveCfg = Release|Any CPU
		{2CE97ED6-748A-4EA6-A302-CB9EDDBFC98F}.Release|Any CPU.Build.0 = Release|Any CPU
	EndGlobalSection
	GlobalSection(SolutionProperties) = preSolution
		HideSolutionNode = FALSE
	EndGlobalSection
	GlobalSection(NestedProjects) = preSolution
		{9DF3039C-3207-4B24-8656-FB6E3ED0ECF3} = {0F141468-8D15-491C-AF2E-844DB19138C5}
		{2CE97ED6-748A-4EA6-A302-CB9EDDBFC98F} = {0F141468-8D15-491C-AF2E-844DB19138C5}
	EndGlobalSection
	GlobalSection(ExtensibilityGlobals) = postSolution
		SolutionGuid = {1BACB3B3-1A58-453B-949D-23721C6DF49E}
	EndGlobalSection
EndGlobal
